// !$*UTF8*$!
{
	archiveVersion = 1;
	classes = {
	};
	objectVersion = 56;
	objects = {

/* Begin PBXBuildFile section */
		4A364D7E29825C1F00DBB103 /* ItemLocationSearch.swift in Sources */ = {isa = PBXBuildFile; fileRef = 4A364D7D29825C1F00DBB103 /* ItemLocationSearch.swift */; };
		4A651289297F1DC1007B856C /* UberCloneApp.swift in Sources */ = {isa = PBXBuildFile; fileRef = 4A651288297F1DC1007B856C /* UberCloneApp.swift */; };
		4A65128D297F1DC2007B856C /* Assets.xcassets in Resources */ = {isa = PBXBuildFile; fileRef = 4A65128C297F1DC2007B856C /* Assets.xcassets */; };
		4A651290297F1DC2007B856C /* Preview Assets.xcassets in Resources */ = {isa = PBXBuildFile; fileRef = 4A65128F297F1DC2007B856C /* Preview Assets.xcassets */; };
		4A65129E297F1E76007B856C /* HomeView.swift in Sources */ = {isa = PBXBuildFile; fileRef = 4A65129D297F1E76007B856C /* HomeView.swift */; };
		4A6512A0297F1EE1007B856C /* UberMapViewRepresentable.swift in Sources */ = {isa = PBXBuildFile; fileRef = 4A65129F297F1EE1007B856C /* UberMapViewRepresentable.swift */; };
		4A6512A2297F224B007B856C /* LocationManager.swift in Sources */ = {isa = PBXBuildFile; fileRef = 4A6512A1297F224B007B856C /* LocationManager.swift */; };
		4A6512A5297F4A39007B856C /* ItemLocationSearchActionHome.swift in Sources */ = {isa = PBXBuildFile; fileRef = 4A6512A4297F4A39007B856C /* ItemLocationSearchActionHome.swift */; };
		4A6512A7297F4D91007B856C /* ItemMenuIcon.swift in Sources */ = {isa = PBXBuildFile; fileRef = 4A6512A6297F4D91007B856C /* ItemMenuIcon.swift */; };
		4A6512A9297F57E5007B856C /* LocationSearchView.swift in Sources */ = {isa = PBXBuildFile; fileRef = 4A6512A8297F57E5007B856C /* LocationSearchView.swift */; };
		4AF4F85E297FB47D00FC583D /* VmLocationSearch.swift in Sources */ = {isa = PBXBuildFile; fileRef = 4AF4F85D297FB47D00FC583D /* VmLocationSearch.swift */; };
/* End PBXBuildFile section */

/* Begin PBXFileReference section */
		4A364D7D29825C1F00DBB103 /* ItemLocationSearch.swift */ = {isa = PBXFileReference; lastKnownFileType = sourcecode.swift; path = ItemLocationSearch.swift; sourceTree = "<group>"; };
		4A651285297F1DC1007B856C /* UberClone.app */ = {isa = PBXFileReference; explicitFileType = wrapper.application; includeInIndex = 0; path = UberClone.app; sourceTree = BUILT_PRODUCTS_DIR; };
		4A651288297F1DC1007B856C /* UberCloneApp.swift */ = {isa = PBXFileReference; lastKnownFileType = sourcecode.swift; path = UberCloneApp.swift; sourceTree = "<group>"; };
		4A65128C297F1DC2007B856C /* Assets.xcassets */ = {isa = PBXFileReference; lastKnownFileType = folder.assetcatalog; path = Assets.xcassets; sourceTree = "<group>"; };
		4A65128F297F1DC2007B856C /* Preview Assets.xcassets */ = {isa = PBXFileReference; lastKnownFileType = folder.assetcatalog; path = "Preview Assets.xcassets"; sourceTree = "<group>"; };
		4A65129D297F1E76007B856C /* HomeView.swift */ = {isa = PBXFileReference; lastKnownFileType = sourcecode.swift; path = HomeView.swift; sourceTree = "<group>"; };
		4A65129F297F1EE1007B856C /* UberMapViewRepresentable.swift */ = {isa = PBXFileReference; lastKnownFileType = sourcecode.swift; path = UberMapViewRepresentable.swift; sourceTree = "<group>"; };
		4A6512A1297F224B007B856C /* LocationManager.swift */ = {isa = PBXFileReference; lastKnownFileType = sourcecode.swift; path = LocationManager.swift; sourceTree = "<group>"; };
		4A6512A3297F2414007B856C /* Info.plist */ = {isa = PBXFileReference; lastKnownFileType = text.plist; path = Info.plist; sourceTree = "<group>"; };
		4A6512A4297F4A39007B856C /* ItemLocationSearchActionHome.swift */ = {isa = PBXFileReference; lastKnownFileType = sourcecode.swift; path = ItemLocationSearchActionHome.swift; sourceTree = "<group>"; };
		4A6512A6297F4D91007B856C /* ItemMenuIcon.swift */ = {isa = PBXFileReference; lastKnownFileType = sourcecode.swift; path = ItemMenuIcon.swift; sourceTree = "<group>"; };
		4A6512A8297F57E5007B856C /* LocationSearchView.swift */ = {isa = PBXFileReference; lastKnownFileType = sourcecode.swift; path = LocationSearchView.swift; sourceTree = "<group>"; };
		4AF4F85D297FB47D00FC583D /* VmLocationSearch.swift */ = {isa = PBXFileReference; lastKnownFileType = sourcecode.swift; path = VmLocationSearch.swift; sourceTree = "<group>"; };
/* End PBXFileReference section */

/* Begin PBXFrameworksBuildPhase section */
		4A651282297F1DC1007B856C /* Frameworks */ = {
			isa = PBXFrameworksBuildPhase;
			buildActionMask = 2147483647;
			files = (
			);
			runOnlyForDeploymentPostprocessing = 0;
		};
/* End PBXFrameworksBuildPhase section */

/* Begin PBXGroup section */
		4A364D7A2982589300DBB103 /* ViewItem */ = {
			isa = PBXGroup;
			children = (
				4A6512A4297F4A39007B856C /* ItemLocationSearchActionHome.swift */,
				4A6512A6297F4D91007B856C /* ItemMenuIcon.swift */,
				4A364D7D29825C1F00DBB103 /* ItemLocationSearch.swift */,
			);
			path = ViewItem;
			sourceTree = "<group>";
		};
		4A65127C297F1DC1007B856C = {
			isa = PBXGroup;
			children = (
				4A651287297F1DC1007B856C /* UberClone */,
				4A651286297F1DC1007B856C /* Products */,
			);
			sourceTree = "<group>";
		};
		4A651286297F1DC1007B856C /* Products */ = {
			isa = PBXGroup;
			children = (
				4A651285297F1DC1007B856C /* UberClone.app */,
			);
			name = Products;
			sourceTree = "<group>";
		};
		4A651287297F1DC1007B856C /* UberClone */ = {
			isa = PBXGroup;
			children = (
				4A6512A3297F2414007B856C /* Info.plist */,
				4A65129A297F1E26007B856C /* Models */,
				4A651299297F1E17007B856C /* Managers */,
				4A651298297F1E08007B856C /* Extensions */,
				4A651297297F1DFF007B856C /* Core */,
				4A651296297F1DE7007B856C /* App */,
				4A65128C297F1DC2007B856C /* Assets.xcassets */,
				4A65128E297F1DC2007B856C /* Preview Content */,
			);
			path = UberClone;
			sourceTree = "<group>";
		};
		4A65128E297F1DC2007B856C /* Preview Content */ = {
			isa = PBXGroup;
			children = (
				4A65128F297F1DC2007B856C /* Preview Assets.xcassets */,
			);
			path = "Preview Content";
			sourceTree = "<group>";
		};
		4A651296297F1DE7007B856C /* App */ = {
			isa = PBXGroup;
			children = (
				4A651288297F1DC1007B856C /* UberCloneApp.swift */,
			);
			path = App;
			sourceTree = "<group>";
		};
		4A651297297F1DFF007B856C /* Core */ = {
			isa = PBXGroup;
			children = (
				4A65129C297F1E55007B856C /* Views */,
				4A65129B297F1E46007B856C /* ViewModel */,
			);
			path = Core;
			sourceTree = "<group>";
		};
		4A651298297F1E08007B856C /* Extensions */ = {
			isa = PBXGroup;
			children = (
			);
			path = Extensions;
			sourceTree = "<group>";
		};
		4A651299297F1E17007B856C /* Managers */ = {
			isa = PBXGroup;
			children = (
				4A6512A1297F224B007B856C /* LocationManager.swift */,
			);
			path = Managers;
			sourceTree = "<group>";
		};
		4A65129A297F1E26007B856C /* Models */ = {
			isa = PBXGroup;
			children = (
			);
			path = Models;
			sourceTree = "<group>";
		};
		4A65129B297F1E46007B856C /* ViewModel */ = {
			isa = PBXGroup;
			children = (
				4AF4F85D297FB47D00FC583D /* VmLocationSearch.swift */,
			);
			path = ViewModel;
			sourceTree = "<group>";
		};
		4A65129C297F1E55007B856C /* Views */ = {
			isa = PBXGroup;
			children = (
				4A364D7A2982589300DBB103 /* ViewItem */,
				4A65129D297F1E76007B856C /* HomeView.swift */,
				4A65129F297F1EE1007B856C /* UberMapViewRepresentable.swift */,
				4A6512A8297F57E5007B856C /* LocationSearchView.swift */,
			);
			path = Views;
			sourceTree = "<group>";
		};
/* End PBXGroup section */

/* Begin PBXNativeTarget section */
		4A651284297F1DC1007B856C /* UberClone */ = {
			isa = PBXNativeTarget;
			buildConfigurationList = 4A651293297F1DC2007B856C /* Build configuration list for PBXNativeTarget "UberClone" */;
			buildPhases = (
				4A651281297F1DC1007B856C /* Sources */,
				4A651282297F1DC1007B856C /* Frameworks */,
				4A651283297F1DC1007B856C /* Resources */,
			);
			buildRules = (
			);
			dependencies = (
			);
			name = UberClone;
			productName = UberClone;
			productReference = 4A651285297F1DC1007B856C /* UberClone.app */;
			productType = "com.apple.product-type.application";
		};
/* End PBXNativeTarget section */

/* Begin PBXProject section */
		4A65127D297F1DC1007B856C /* Project object */ = {
			isa = PBXProject;
			attributes = {
				BuildIndependentTargetsInParallel = 1;
				LastSwiftUpdateCheck = 1410;
				LastUpgradeCheck = 1410;
				TargetAttributes = {
					4A651284297F1DC1007B856C = {
						CreatedOnToolsVersion = 14.1;
					};
				};
			};
			buildConfigurationList = 4A651280297F1DC1007B856C /* Build configuration list for PBXProject "UberClone" */;
			compatibilityVersion = "Xcode 14.0";
			developmentRegion = en;
			hasScannedForEncodings = 0;
			knownRegions = (
				en,
				Base,
			);
			mainGroup = 4A65127C297F1DC1007B856C;
			productRefGroup = 4A651286297F1DC1007B856C /* Products */;
			projectDirPath = "";
			projectRoot = "";
			targets = (
				4A651284297F1DC1007B856C /* UberClone */,
			);
		};
/* End PBXProject section */

/* Begin PBXResourcesBuildPhase section */
		4A651283297F1DC1007B856C /* Resources */ = {
			isa = PBXResourcesBuildPhase;
			buildActionMask = 2147483647;
			files = (
				4A651290297F1DC2007B856C /* Preview Assets.xcassets in Resources */,
				4A65128D297F1DC2007B856C /* Assets.xcassets in Resources */,
			);
			runOnlyForDeploymentPostprocessing = 0;
		};
/* End PBXResourcesBuildPhase section */

/* Begin PBXSourcesBuildPhase section */
		4A651281297F1DC1007B856C /* Sources */ = {
			isa = PBXSourcesBuildPhase;
			buildActionMask = 2147483647;
			files = (
				4A6512A9297F57E5007B856C /* LocationSearchView.swift in Sources */,
				4A6512A7297F4D91007B856C /* ItemMenuIcon.swift in Sources */,
				4A6512A5297F4A39007B856C /* ItemLocationSearchActionHome.swift in Sources */,
				4A6512A2297F224B007B856C /* LocationManager.swift in Sources */,
				4A651289297F1DC1007B856C /* UberCloneApp.swift in Sources */,
				4A6512A0297F1EE1007B856C /* UberMapViewRepresentable.swift in Sources */,
				4A65129E297F1E76007B856C /* HomeView.swift in Sources */,
				4AF4F85E297FB47D00FC583D /* VmLocationSearch.swift in Sources */,
				4A364D7E29825C1F00DBB103 /* ItemLocationSearch.swift in Sources */,
			);
			runOnlyForDeploymentPostprocessing = 0;
		};
/* End PBXSourcesBuildPhase section */

/* Begin XCBuildConfiguration section */
		4A651291297F1DC2007B856C /* Debug */ = {
			isa = XCBuildConfiguration;
			buildSettings = {
				ALWAYS_SEARCH_USER_PATHS = NO;
				CLANG_ANALYZER_NONNULL = YES;
				CLANG_ANALYZER_NUMBER_OBJECT_CONVERSION = YES_AGGRESSIVE;
				CLANG_CXX_LANGUAGE_STANDARD = "gnu++20";
				CLANG_ENABLE_MODULES = YES;
				CLANG_ENABLE_OBJC_ARC = YES;
				CLANG_ENABLE_OBJC_WEAK = YES;
				CLANG_WARN_BLOCK_CAPTURE_AUTORELEASING = YES;
				CLANG_WARN_BOOL_CONVERSION = YES;
				CLANG_WARN_COMMA = YES;
				CLANG_WARN_CONSTANT_CONVERSION = YES;
				CLANG_WARN_DEPRECATED_OBJC_IMPLEMENTATIONS = YES;
				CLANG_WARN_DIRECT_OBJC_ISA_USAGE = YES_ERROR;
				CLANG_WARN_DOCUMENTATION_COMMENTS = YES;
				CLANG_WARN_EMPTY_BODY = YES;
				CLANG_WARN_ENUM_CONVERSION = YES;
				CLANG_WARN_INFINITE_RECURSION = YES;
				CLANG_WARN_INT_CONVERSION = YES;
				CLANG_WARN_NON_LITERAL_NULL_CONVERSION = YES;
				CLANG_WARN_OBJC_IMPLICIT_RETAIN_SELF = YES;
				CLANG_WARN_OBJC_LITERAL_CONVERSION = YES;
				CLANG_WARN_OBJC_ROOT_CLASS = YES_ERROR;
				CLANG_WARN_QUOTED_INCLUDE_IN_FRAMEWORK_HEADER = YES;
				CLANG_WARN_RANGE_LOOP_ANALYSIS = YES;
				CLANG_WARN_STRICT_PROTOTYPES = YES;
				CLANG_WARN_SUSPICIOUS_MOVE = YES;
				CLANG_WARN_UNGUARDED_AVAILABILITY = YES_AGGRESSIVE;
				CLANG_WARN_UNREACHABLE_CODE = YES;
				CLANG_WARN__DUPLICATE_METHOD_MATCH = YES;
				COPY_PHASE_STRIP = NO;
				DEBUG_INFORMATION_FORMAT = dwarf;
				ENABLE_STRICT_OBJC_MSGSEND = YES;
				ENABLE_TESTABILITY = YES;
				GCC_C_LANGUAGE_STANDARD = gnu11;
				GCC_DYNAMIC_NO_PIC = NO;
				GCC_NO_COMMON_BLOCKS = YES;
				GCC_OPTIMIZATION_LEVEL = 0;
				GCC_PREPROCESSOR_DEFINITIONS = (
					"DEBUG=1",
					"$(inherited)",
				);
				GCC_WARN_64_TO_32_BIT_CONVERSION = YES;
				GCC_WARN_ABOUT_RETURN_TYPE = YES_ERROR;
				GCC_WARN_UNDECLARED_SELECTOR = YES;
				GCC_WARN_UNINITIALIZED_AUTOS = YES_AGGRESSIVE;
				GCC_WARN_UNUSED_FUNCTION = YES;
				GCC_WARN_UNUSED_VARIABLE = YES;
				IPHONEOS_DEPLOYMENT_TARGET = 16.1;
				MTL_ENABLE_DEBUG_INFO = INCLUDE_SOURCE;
				MTL_FAST_MATH = YES;
				ONLY_ACTIVE_ARCH = YES;
				SDKROOT = iphoneos;
				SWIFT_ACTIVE_COMPILATION_CONDITIONS = DEBUG;
				SWIFT_OPTIMIZATION_LEVEL = "-Onone";
			};
			name = Debug;
		};
		4A651292297F1DC2007B856C /* Release */ = {
			isa = XCBuildConfiguration;
			buildSettings = {
				ALWAYS_SEARCH_USER_PATHS = NO;
				CLANG_ANALYZER_NONNULL = YES;
				CLANG_ANALYZER_NUMBER_OBJECT_CONVERSION = YES_AGGRESSIVE;
				CLANG_CXX_LANGUAGE_STANDARD = "gnu++20";
				CLANG_ENABLE_MODULES = YES;
				CLANG_ENABLE_OBJC_ARC = YES;
				CLANG_ENABLE_OBJC_WEAK = YES;
				CLANG_WARN_BLOCK_CAPTURE_AUTORELEASING = YES;
				CLANG_WARN_BOOL_CONVERSION = YES;
				CLANG_WARN_COMMA = YES;
				CLANG_WARN_CONSTANT_CONVERSION = YES;
				CLANG_WARN_DEPRECATED_OBJC_IMPLEMENTATIONS = YES;
				CLANG_WARN_DIRECT_OBJC_ISA_USAGE = YES_ERROR;
				CLANG_WARN_DOCUMENTATION_COMMENTS = YES;
				CLANG_WARN_EMPTY_BODY = YES;
				CLANG_WARN_ENUM_CONVERSION = YES;
				CLANG_WARN_INFINITE_RECURSION = YES;
				CLANG_WARN_INT_CONVERSION = YES;
				CLANG_WARN_NON_LITERAL_NULL_CONVERSION = YES;
				CLANG_WARN_OBJC_IMPLICIT_RETAIN_SELF = YES;
				CLANG_WARN_OBJC_LITERAL_CONVERSION = YES;
				CLANG_WARN_OBJC_ROOT_CLASS = YES_ERROR;
				CLANG_WARN_QUOTED_INCLUDE_IN_FRAMEWORK_HEADER = YES;
				CLANG_WARN_RANGE_LOOP_ANALYSIS = YES;
				CLANG_WARN_STRICT_PROTOTYPES = YES;
				CLANG_WARN_SUSPICIOUS_MOVE = YES;
				CLANG_WARN_UNGUARDED_AVAILABILITY = YES_AGGRESSIVE;
				CLANG_WARN_UNREACHABLE_CODE = YES;
				CLANG_WARN__DUPLICATE_METHOD_MATCH = YES;
				COPY_PHASE_STRIP = NO;
				DEBUG_INFORMATION_FORMAT = "dwarf-with-dsym";
				ENABLE_NS_ASSERTIONS = NO;
				ENABLE_STRICT_OBJC_MSGSEND = YES;
				GCC_C_LANGUAGE_STANDARD = gnu11;
				GCC_NO_COMMON_BLOCKS = YES;
				GCC_WARN_64_TO_32_BIT_CONVERSION = YES;
				GCC_WARN_ABOUT_RETURN_TYPE = YES_ERROR;
				GCC_WARN_UNDECLARED_SELECTOR = YES;
				GCC_WARN_UNINITIALIZED_AUTOS = YES_AGGRESSIVE;
				GCC_WARN_UNUSED_FUNCTION = YES;
				GCC_WARN_UNUSED_VARIABLE = YES;
				IPHONEOS_DEPLOYMENT_TARGET = 16.1;
				MTL_ENABLE_DEBUG_INFO = NO;
				MTL_FAST_MATH = YES;
				SDKROOT = iphoneos;
				SWIFT_COMPILATION_MODE = wholemodule;
				SWIFT_OPTIMIZATION_LEVEL = "-O";
				VALIDATE_PRODUCT = YES;
			};
			name = Release;
		};
		4A651294297F1DC2007B856C /* Debug */ = {
			isa = XCBuildConfiguration;
			buildSettings = {
				ASSETCATALOG_COMPILER_APPICON_NAME = AppIcon;
				ASSETCATALOG_COMPILER_GLOBAL_ACCENT_COLOR_NAME = AccentColor;
				CODE_SIGN_STYLE = Automatic;
				CURRENT_PROJECT_VERSION = 1;
				DEVELOPMENT_ASSET_PATHS = "\"UberClone/Preview Content\"";
				DEVELOPMENT_TEAM = 5P7UNMD999;
				ENABLE_PREVIEWS = YES;
				GENERATE_INFOPLIST_FILE = YES;
				INFOPLIST_FILE = UberClone/Info.plist;
				INFOPLIST_KEY_NSLocationWhenInUseUsageDescription = "Please allow us to access your location to find nearby drivers.";
				INFOPLIST_KEY_UIApplicationSceneManifest_Generation = YES;
				INFOPLIST_KEY_UIApplicationSupportsIndirectInputEvents = YES;
				INFOPLIST_KEY_UILaunchScreen_Generation = YES;
				INFOPLIST_KEY_UISupportedInterfaceOrientations_iPad = "UIInterfaceOrientationPortrait UIInterfaceOrientationPortraitUpsideDown UIInterfaceOrientationLandscapeLeft UIInterfaceOrientationLandscapeRight";
				INFOPLIST_KEY_UISupportedInterfaceOrientations_iPhone = "UIInterfaceOrientationPortrait UIInterfaceOrientationLandscapeLeft UIInterfaceOrientationLandscapeRight";
				LD_RUNPATH_SEARCH_PATHS = (
					"$(inherited)",
					"@executable_path/Frameworks",
				);
				MARKETING_VERSION = 1.0;
				PRODUCT_BUNDLE_IDENTIFIER = com.mrsoft.UberClone;
				PRODUCT_NAME = "$(TARGET_NAME)";
				SWIFT_EMIT_LOC_STRINGS = YES;
				SWIFT_VERSION = 5.0;
				TARGETED_DEVICE_FAMILY = "1,2";
			};
			name = Debug;
		};
		4A651295297F1DC2007B856C /* Release */ = {
			isa = XCBuildConfiguration;
			buildSettings = {
				ASSETCATALOG_COMPILER_APPICON_NAME = AppIcon;
				ASSETCATALOG_COMPILER_GLOBAL_ACCENT_COLOR_NAME = AccentColor;
				CODE_SIGN_STYLE = Automatic;
				CURRENT_PROJECT_VERSION = 1;
				DEVELOPMENT_ASSET_PATHS = "\"UberClone/Preview Content\"";
				DEVELOPMENT_TEAM = 5P7UNMD999;
				ENABLE_PREVIEWS = YES;
				GENERATE_INFOPLIST_FILE = YES;
				INFOPLIST_FILE = UberClone/Info.plist;
				INFOPLIST_KEY_NSLocationWhenInUseUsageDescription = "Please allow us to access your location to find nearby drivers.";
				INFOPLIST_KEY_UIApplicationSceneManifest_Generation = YES;
				INFOPLIST_KEY_UIApplicationSupportsIndirectInputEvents = YES;
				INFOPLIST_KEY_UILaunchScreen_Generation = YES;
				INFOPLIST_KEY_UISupportedInterfaceOrientations_iPad = "UIInterfaceOrientationPortrait UIInterfaceOrientationPortraitUpsideDown UIInterfaceOrientationLandscapeLeft UIInterfaceOrientationLandscapeRight";
				INFOPLIST_KEY_UISupportedInterfaceOrientations_iPhone = "UIInterfaceOrientationPortrait UIInterfaceOrientationLandscapeLeft UIInterfaceOrientationLandscapeRight";
				LD_RUNPATH_SEARCH_PATHS = (
					"$(inherited)",
					"@executable_path/Frameworks",
				);
				MARKETING_VERSION = 1.0;
				PRODUCT_BUNDLE_IDENTIFIER = com.mrsoft.UberClone;
				PRODUCT_NAME = "$(TARGET_NAME)";
				SWIFT_EMIT_LOC_STRINGS = YES;
				SWIFT_VERSION = 5.0;
				TARGETED_DEVICE_FAMILY = "1,2";
			};
			name = Release;
		};
/* End XCBuildConfiguration section */

/* Begin XCConfigurationList section */
		4A651280297F1DC1007B856C /* Build configuration list for PBXProject "UberClone" */ = {
			isa = XCConfigurationList;
			buildConfigurations = (
				4A651291297F1DC2007B856C /* Debug */,
				4A651292297F1DC2007B856C /* Release */,
			);
			defaultConfigurationIsVisible = 0;
			defaultConfigurationName = Release;
		};
		4A651293297F1DC2007B856C /* Build configuration list for PBXNativeTarget "UberClone" */ = {
			isa = XCConfigurationList;
			buildConfigurations = (
				4A651294297F1DC2007B856C /* Debug */,
				4A651295297F1DC2007B856C /* Release */,
			);
			defaultConfigurationIsVisible = 0;
			defaultConfigurationName = Release;
		};
/* End XCConfigurationList section */
	};
	rootObject = 4A65127D297F1DC1007B856C /* Project object */;
}
